
Microsoft Visual Studio Solution File, Format Version 12.00
# Visual Studio Version 17
VisualStudioVersion = 17.5.002.0
MinimumVisualStudioVersion = 10.0.40219.1
Project("{9A19103F-16F7-4668-BE54-9A1E7A4F7556}") = "TredgateMauiTestingApp", "TredgateMauiTestingApp\TredgateMauiTestingApp.csproj", "{931290DC-0FFB-46E9-B082-16223A9B6BF4}"
EndProject
Global
	GlobalSection(SolutionConfigurationPlatforms) = preSolution
		Debug|Any CPU = Debug|Any CPU
		Release|Any CPU = Release|Any CPU
	EndGlobalSection
	GlobalSection(ProjectConfigurationPlatforms) = postSolution
		{931290DC-0FFB-46E9-B082-16223A9B6BF4}.Debug|Any CPU.ActiveCfg = Debug|Any CPU
		{931290DC-0FFB-46E9-B082-16223A9B6BF4}.Debug|Any CPU.Build.0 = Debug|Any CPU
		{931290DC-0FFB-46E9-B082-16223A9B6BF4}.Debug|Any CPU.Deploy.0 = Debug|Any CPU
		{931290DC-0FFB-46E9-B082-16223A9B6BF4}.Release|Any CPU.ActiveCfg = Release|Any CPU
		{931290DC-0FFB-46E9-B082-16223A9B6BF4}.Release|Any CPU.Build.0 = Release|Any CPU
	EndGlobalSection
	GlobalSection(SolutionProperties) = preSolution
		HideSolutionNode = FALSE
	EndGlobalSection
	GlobalSection(ExtensibilityGlobals) = postSolution
		SolutionGuid = {0767A43D-822A-41BE-A479-711D6C0EF8E4}
	EndGlobalSection
EndGlobal
